{
    "name": "@helsingborg-stad/wp-build-php",
    "version": "0.5.1",
    "lockfileVersion": 3,
    "requires": true,
    "packages": {
        "": {
            "name": "@helsingborg-stad/wp-build-php",
            "version": "0.5.1",
            "devDependencies": [],
            "license": "MIT"
        }
    }
}
